// !$*UTF8*$!
{
	archiveVersion = 1;
	classes = {
	};
	objectVersion = 77;
	objects = {

/* Begin PBXBuildFile section */
		0304CDB69ACE5220B1A5C5F9 /* SummaryPeriodTests.swift in Sources */ = {isa = PBXBuildFile; fileRef = 28FB6AA0FB5E98BFCFD2D0CC /* SummaryPeriodTests.swift */; };
		1312B41DAE3D0699DE3C539F /* TimeGlassApp.swift in Sources */ = {isa = PBXBuildFile; fileRef = 9689D5803A7CA1E70CD04444 /* TimeGlassApp.swift */; };
		265FB83EE429C26756A7C59C /* SummaryView.swift in Sources */ = {isa = PBXBuildFile; fileRef = 38EA963C107A1D09EF1AD572 /* SummaryView.swift */; };
		34BA6F07B7BD283AD67386BF /* MenuBarLabelView.swift in Sources */ = {isa = PBXBuildFile; fileRef = D5BEC3ED7CD94BC9B36230F6 /* MenuBarLabelView.swift */; };
		6E130F7E18BADA798163F8C7 /* HistoryListView.swift in Sources */ = {isa = PBXBuildFile; fileRef = C9E249F9BC590E49C568CD2D /* HistoryListView.swift */; };
		6EC0DEF342DC350DFE59EA1E /* LoginItemManager.swift in Sources */ = {isa = PBXBuildFile; fileRef = 031C16390FB39AEF9C502F2B /* LoginItemManager.swift */; };
		70EF6EFE313DC686D4D52F7A /* SummaryPeriod.swift in Sources */ = {isa = PBXBuildFile; fileRef = C35B887198D634DE4C39DFAA /* SummaryPeriod.swift */; };
		7B51570731D4152E426835DF /* PopoverView.swift in Sources */ = {isa = PBXBuildFile; fileRef = FE609591825292D61C1D95E9 /* PopoverView.swift */; };
		86FB40D45E4D47AF26E44A46 /* TimeTracker.swift in Sources */ = {isa = PBXBuildFile; fileRef = 4A2E1385EE10E9589BB18D02 /* TimeTracker.swift */; };
		A235CB328A2C9DE02858E8D8 /* Project.swift in Sources */ = {isa = PBXBuildFile; fileRef = DE9D896058ED0EEACE9F206C /* Project.swift */; };
		B1D8AABF680A3E61567F8B83 /* DurationFormattingTests.swift in Sources */ = {isa = PBXBuildFile; fileRef = 5589F6A2290CCAFF082221E2 /* DurationFormattingTests.swift */; };
		CE33A6B49DFF540D87DE0BAB /* TimeEntry.swift in Sources */ = {isa = PBXBuildFile; fileRef = 0F1E02A499FCD9454320E3D7 /* TimeEntry.swift */; };
		D1B39307BFF9076467CA50E1 /* TimeTrackerTests.swift in Sources */ = {isa = PBXBuildFile; fileRef = 5B9CFFE8172DA2048E0DE073 /* TimeTrackerTests.swift */; };
		D9EDDB1A08A0FF990E2D5269 /* HeaderView.swift in Sources */ = {isa = PBXBuildFile; fileRef = C0913C4729BFCACED85A84AB /* HeaderView.swift */; };
		DF2B9C990BEA591A1D40319B /* DurationFormatting.swift in Sources */ = {isa = PBXBuildFile; fileRef = A83A4F35F5CC71A6B4820892 /* DurationFormatting.swift */; };
		F89972A7482495E564BF290A /* SmokeTests.swift in Sources */ = {isa = PBXBuildFile; fileRef = 2A43BA402C9490D4D334CC45 /* SmokeTests.swift */; };
/* End PBXBuildFile section */

/* Begin PBXContainerItemProxy section */
		85FF86BFA1FD406EB2D6B65D /* PBXContainerItemProxy */ = {
			isa = PBXContainerItemProxy;
			containerPortal = BDEEF7B48DD93EBA2AB1605B /* Project object */;
			proxyType = 1;
			remoteGlobalIDString = 636183FC993DABC5F6E80AC9;
			remoteInfo = TimeGlass;
		};
/* End PBXContainerItemProxy section */

/* Begin PBXFileReference section */
		031C16390FB39AEF9C502F2B /* LoginItemManager.swift */ = {isa = PBXFileReference; lastKnownFileType = sourcecode.swift; path = LoginItemManager.swift; sourceTree = "<group>"; };
		0F1E02A499FCD9454320E3D7 /* TimeEntry.swift */ = {isa = PBXFileReference; lastKnownFileType = sourcecode.swift; path = TimeEntry.swift; sourceTree = "<group>"; };
		28FB6AA0FB5E98BFCFD2D0CC /* SummaryPeriodTests.swift */ = {isa = PBXFileReference; lastKnownFileType = sourcecode.swift; path = SummaryPeriodTests.swift; sourceTree = "<group>"; };
		2A43BA402C9490D4D334CC45 /* SmokeTests.swift */ = {isa = PBXFileReference; lastKnownFileType = sourcecode.swift; path = SmokeTests.swift; sourceTree = "<group>"; };
		38EA963C107A1D09EF1AD572 /* SummaryView.swift */ = {isa = PBXFileReference; lastKnownFileType = sourcecode.swift; path = SummaryView.swift; sourceTree = "<group>"; };
		4A2E1385EE10E9589BB18D02 /* TimeTracker.swift */ = {isa = PBXFileReference; lastKnownFileType = sourcecode.swift; path = TimeTracker.swift; sourceTree = "<group>"; };
		5589F6A2290CCAFF082221E2 /* DurationFormattingTests.swift */ = {isa = PBXFileReference; lastKnownFileType = sourcecode.swift; path = DurationFormattingTests.swift; sourceTree = "<group>"; };
		5B9CFFE8172DA2048E0DE073 /* TimeTrackerTests.swift */ = {isa = PBXFileReference; lastKnownFileType = sourcecode.swift; path = TimeTrackerTests.swift; sourceTree = "<group>"; };
		6321E17609B40A2A409FCD45 /* TimeGlassTests.xctest */ = {isa = PBXFileReference; explicitFileType = wrapper.cfbundle; includeInIndex = 0; path = TimeGlassTests.xctest; sourceTree = BUILT_PRODUCTS_DIR; };
		9689D5803A7CA1E70CD04444 /* TimeGlassApp.swift */ = {isa = PBXFileReference; lastKnownFileType = sourcecode.swift; path = TimeGlassApp.swift; sourceTree = "<group>"; };
		A83A4F35F5CC71A6B4820892 /* DurationFormatting.swift */ = {isa = PBXFileReference; lastKnownFileType = sourcecode.swift; path = DurationFormatting.swift; sourceTree = "<group>"; };
		BEAF260D174E72A9AE26E268 /* TimeGlass.app */ = {isa = PBXFileReference; explicitFileType = wrapper.application; includeInIndex = 0; path = TimeGlass.app; sourceTree = BUILT_PRODUCTS_DIR; };
		C0913C4729BFCACED85A84AB /* HeaderView.swift */ = {isa = PBXFileReference; lastKnownFileType = sourcecode.swift; path = HeaderView.swift; sourceTree = "<group>"; };
		C35B887198D634DE4C39DFAA /* SummaryPeriod.swift */ = {isa = PBXFileReference; lastKnownFileType = sourcecode.swift; path = SummaryPeriod.swift; sourceTree = "<group>"; };
		C9E249F9BC590E49C568CD2D /* HistoryListView.swift */ = {isa = PBXFileReference; lastKnownFileType = sourcecode.swift; path = HistoryListView.swift; sourceTree = "<group>"; };
		D5BEC3ED7CD94BC9B36230F6 /* MenuBarLabelView.swift */ = {isa = PBXFileReference; lastKnownFileType = sourcecode.swift; path = MenuBarLabelView.swift; sourceTree = "<group>"; };
		DE9D896058ED0EEACE9F206C /* Project.swift */ = {isa = PBXFileReference; lastKnownFileType = sourcecode.swift; path = Project.swift; sourceTree = "<group>"; };
		FE609591825292D61C1D95E9 /* PopoverView.swift */ = {isa = PBXFileReference; lastKnownFileType = sourcecode.swift; path = PopoverView.swift; sourceTree = "<group>"; };
/* End PBXFileReference section */

/* Begin PBXGroup section */
		025EE3FED90DE999CAF01DD4 = {
			isa = PBXGroup;
			children = (
				3922CB32170BD392BD79B78A /* TimeGlass */,
				A8D68F6D1001DEBFB144EBEC /* TimeGlassTests */,
				457FDDDBA87AB01DE9D6D835 /* Products */,
			);
			sourceTree = "<group>";
		};
		3922CB32170BD392BD79B78A /* TimeGlass */ = {
			isa = PBXGroup;
			children = (
				9689D5803A7CA1E70CD04444 /* TimeGlassApp.swift */,
				6BF30E24A45769F060962233 /* LoginItem */,
				E9A4FE3D6154C17D6E75BD4C /* Models */,
				64F7BCE64D383DD282C02E85 /* Tracking */,
				5342F71E525A9028F70B3BD7 /* UI */,
			);
			name = TimeGlass;
			path = Sources/TimeGlass;
			sourceTree = "<group>";
		};
		457FDDDBA87AB01DE9D6D835 /* Products */ = {
			isa = PBXGroup;
			children = (
				BEAF260D174E72A9AE26E268 /* TimeGlass.app */,
				6321E17609B40A2A409FCD45 /* TimeGlassTests.xctest */,
			);
			name = Products;
			sourceTree = "<group>";
		};
		5342F71E525A9028F70B3BD7 /* UI */ = {
			isa = PBXGroup;
			children = (
				C0913C4729BFCACED85A84AB /* HeaderView.swift */,
				C9E249F9BC590E49C568CD2D /* HistoryListView.swift */,
				D5BEC3ED7CD94BC9B36230F6 /* MenuBarLabelView.swift */,
				FE609591825292D61C1D95E9 /* PopoverView.swift */,
				38EA963C107A1D09EF1AD572 /* SummaryView.swift */,
			);
			path = UI;
			sourceTree = "<group>";
		};
		64F7BCE64D383DD282C02E85 /* Tracking */ = {
			isa = PBXGroup;
			children = (
				A83A4F35F5CC71A6B4820892 /* DurationFormatting.swift */,
				C35B887198D634DE4C39DFAA /* SummaryPeriod.swift */,
				4A2E1385EE10E9589BB18D02 /* TimeTracker.swift */,
			);
			path = Tracking;
			sourceTree = "<group>";
		};
		6BF30E24A45769F060962233 /* LoginItem */ = {
			isa = PBXGroup;
			children = (
				031C16390FB39AEF9C502F2B /* LoginItemManager.swift */,
			);
			path = LoginItem;
			sourceTree = "<group>";
		};
		A8D68F6D1001DEBFB144EBEC /* TimeGlassTests */ = {
			isa = PBXGroup;
			children = (
				5589F6A2290CCAFF082221E2 /* DurationFormattingTests.swift */,
				2A43BA402C9490D4D334CC45 /* SmokeTests.swift */,
				28FB6AA0FB5E98BFCFD2D0CC /* SummaryPeriodTests.swift */,
				5B9CFFE8172DA2048E0DE073 /* TimeTrackerTests.swift */,
			);
			name = TimeGlassTests;
			path = Tests/TimeGlassTests;
			sourceTree = "<group>";
		};
		E9A4FE3D6154C17D6E75BD4C /* Models */ = {
			isa = PBXGroup;
			children = (
				DE9D896058ED0EEACE9F206C /* Project.swift */,
				0F1E02A499FCD9454320E3D7 /* TimeEntry.swift */,
			);
			path = Models;
			sourceTree = "<group>";
		};
/* End PBXGroup section */

/* Begin PBXNativeTarget section */
		636183FC993DABC5F6E80AC9 /* TimeGlass */ = {
			isa = PBXNativeTarget;
			buildConfigurationList = 010F5D6AF5766909B34F9A92 /* Build configuration list for PBXNativeTarget "TimeGlass" */;
			buildPhases = (
				F0132BAC00EC2274B81BA213 /* Sources */,
			);
			buildRules = (
			);
			dependencies = (
			);
			name = TimeGlass;
			packageProductDependencies = (
			);
			productName = TimeGlass;
			productReference = BEAF260D174E72A9AE26E268 /* TimeGlass.app */;
			productType = "com.apple.product-type.application";
		};
		FE6ECE6E1ADF40F4AB7F9D0B /* TimeGlassTests */ = {
			isa = PBXNativeTarget;
			buildConfigurationList = C6ACDA4133F3EB5378F894EA /* Build configuration list for PBXNativeTarget "TimeGlassTests" */;
			buildPhases = (
				D0A1F0C4EE342DC1B8872641 /* Sources */,
			);
			buildRules = (
			);
			dependencies = (
				C7BD9D5911DD372E0E798E4F /* PBXTargetDependency */,
			);
			name = TimeGlassTests;
			packageProductDependencies = (
			);
			productName = TimeGlassTests;
			productReference = 6321E17609B40A2A409FCD45 /* TimeGlassTests.xctest */;
			productType = "com.apple.product-type.bundle.unit-test";
		};
/* End PBXNativeTarget section */

/* Begin PBXProject section */
		BDEEF7B48DD93EBA2AB1605B /* Project object */ = {
			isa = PBXProject;
			attributes = {
				BuildIndependentTargetsInParallel = YES;
				LastUpgradeCheck = 1430;
				TargetAttributes = {
				};
			};
			buildConfigurationList = AF9DE7172613C99674C57C0C /* Build configuration list for PBXProject "TimeGlass" */;
			developmentRegion = en;
			hasScannedForEncodings = 0;
			knownRegions = (
				Base,
				en,
			);
			mainGroup = 025EE3FED90DE999CAF01DD4;
			minimizedProjectReferenceProxies = 1;
			preferredProjectObjectVersion = 77;
			productRefGroup = 457FDDDBA87AB01DE9D6D835 /* Products */;
			projectDirPath = "";
			projectRoot = "";
			targets = (
				636183FC993DABC5F6E80AC9 /* TimeGlass */,
				FE6ECE6E1ADF40F4AB7F9D0B /* TimeGlassTests */,
			);
		};
/* End PBXProject section */

/* Begin PBXSourcesBuildPhase section */
		D0A1F0C4EE342DC1B8872641 /* Sources */ = {
			isa = PBXSourcesBuildPhase;
			buildActionMask = 2147483647;
			files = (
				B1D8AABF680A3E61567F8B83 /* DurationFormattingTests.swift in Sources */,
				F89972A7482495E564BF290A /* SmokeTests.swift in Sources */,
				0304CDB69ACE5220B1A5C5F9 /* SummaryPeriodTests.swift in Sources */,
				D1B39307BFF9076467CA50E1 /* TimeTrackerTests.swift in Sources */,
			);
			runOnlyForDeploymentPostprocessing = 0;
		};
		F0132BAC00EC2274B81BA213 /* Sources */ = {
			isa = PBXSourcesBuildPhase;
			buildActionMask = 2147483647;
			files = (
				DF2B9C990BEA591A1D40319B /* DurationFormatting.swift in Sources */,
				D9EDDB1A08A0FF990E2D5269 /* HeaderView.swift in Sources */,
				6E130F7E18BADA798163F8C7 /* HistoryListView.swift in Sources */,
				6EC0DEF342DC350DFE59EA1E /* LoginItemManager.swift in Sources */,
				34BA6F07B7BD283AD67386BF /* MenuBarLabelView.swift in Sources */,
				7B51570731D4152E426835DF /* PopoverView.swift in Sources */,
				A235CB328A2C9DE02858E8D8 /* Project.swift in Sources */,
				70EF6EFE313DC686D4D52F7A /* SummaryPeriod.swift in Sources */,
				265FB83EE429C26756A7C59C /* SummaryView.swift in Sources */,
				CE33A6B49DFF540D87DE0BAB /* TimeEntry.swift in Sources */,
				1312B41DAE3D0699DE3C539F /* TimeGlassApp.swift in Sources */,
				86FB40D45E4D47AF26E44A46 /* TimeTracker.swift in Sources */,
			);
			runOnlyForDeploymentPostprocessing = 0;
		};
/* End PBXSourcesBuildPhase section */

/* Begin PBXTargetDependency section */
		C7BD9D5911DD372E0E798E4F /* PBXTargetDependency */ = {
			isa = PBXTargetDependency;
			target = 636183FC993DABC5F6E80AC9 /* TimeGlass */;
			targetProxy = 85FF86BFA1FD406EB2D6B65D /* PBXContainerItemProxy */;
		};
/* End PBXTargetDependency section */

/* Begin XCBuildConfiguration section */
		2DB2FED840C631ED96601C61 /* Release */ = {
			isa = XCBuildConfiguration;
			buildSettings = {
				BUNDLE_LOADER = "$(TEST_HOST)";
				COMBINE_HIDPI_IMAGES = YES;
				LD_RUNPATH_SEARCH_PATHS = (
					"$(inherited)",
					"@executable_path/../Frameworks",
					"@loader_path/../Frameworks",
				);
				PRODUCT_BUNDLE_IDENTIFIER = com.gabrielhoellrigl.TimeGlassTests;
				SDKROOT = macosx;
				SWIFT_VERSION = 5.0;
				TEST_HOST = "$(BUILT_PRODUCTS_DIR)/TimeGlass.app/Contents/MacOS/TimeGlass";
			};
			name = Release;
		};
		49B466BBCF3EA933D91018AE /* Debug */ = {
			isa = XCBuildConfiguration;
			buildSettings = {
				ASSETCATALOG_COMPILER_APPICON_NAME = AppIcon;
				COMBINE_HIDPI_IMAGES = YES;
				CURRENT_PROJECT_VERSION = 1;
				GENERATE_INFOPLIST_FILE = YES;
				INFOPLIST_KEY_CFBundleDisplayName = TimeGlass;
				INFOPLIST_KEY_LSUIElement = YES;
				LD_RUNPATH_SEARCH_PATHS = (
					"$(inherited)",
					"@executable_path/../Frameworks",
				);
				MARKETING_VERSION = 1.0;
				PRODUCT_BUNDLE_IDENTIFIER = com.gabrielhoellrigl.timeglass;
				SDKROOT = macosx;
				SWIFT_VERSION = 5.0;
			};
			name = Debug;
		};
		57ACDE6CC32B091AA0C7966C /* Release */ = {
			isa = XCBuildConfiguration;
			buildSettings = {
				ALWAYS_SEARCH_USER_PATHS = NO;
				CLANG_ANALYZER_NONNULL = YES;
				CLANG_ANALYZER_NUMBER_OBJECT_CONVERSION = YES_AGGRESSIVE;
				CLANG_CXX_LANGUAGE_STANDARD = "gnu++14";
				CLANG_CXX_LIBRARY = "libc++";
				CLANG_ENABLE_MODULES = YES;
				CLANG_ENABLE_OBJC_ARC = YES;
				CLANG_ENABLE_OBJC_WEAK = YES;
				CLANG_WARN_BLOCK_CAPTURE_AUTORELEASING = YES;
				CLANG_WARN_BOOL_CONVERSION = YES;
				CLANG_WARN_COMMA = YES;
				CLANG_WARN_CONSTANT_CONVERSION = YES;
				CLANG_WARN_DEPRECATED_OBJC_IMPLEMENTATIONS = YES;
				CLANG_WARN_DIRECT_OBJC_ISA_USAGE = YES_ERROR;
				CLANG_WARN_DOCUMENTATION_COMMENTS = YES;
				CLANG_WARN_EMPTY_BODY = YES;
				CLANG_WARN_ENUM_CONVERSION = YES;
				CLANG_WARN_INFINITE_RECURSION = YES;
				CLANG_WARN_INT_CONVERSION = YES;
				CLANG_WARN_NON_LITERAL_NULL_CONVERSION = YES;
				CLANG_WARN_OBJC_IMPLICIT_RETAIN_SELF = YES;
				CLANG_WARN_OBJC_LITERAL_CONVERSION = YES;
				CLANG_WARN_OBJC_ROOT_CLASS = YES_ERROR;
				CLANG_WARN_QUOTED_INCLUDE_IN_FRAMEWORK_HEADER = YES;
				CLANG_WARN_RANGE_LOOP_ANALYSIS = YES;
				CLANG_WARN_STRICT_PROTOTYPES = YES;
				CLANG_WARN_SUSPICIOUS_MOVE = YES;
				CLANG_WARN_UNGUARDED_AVAILABILITY = YES_AGGRESSIVE;
				CLANG_WARN_UNREACHABLE_CODE = YES;
				CLANG_WARN__DUPLICATE_METHOD_MATCH = YES;
				COPY_PHASE_STRIP = NO;
				DEBUG_INFORMATION_FORMAT = "dwarf-with-dsym";
				ENABLE_NS_ASSERTIONS = NO;
				ENABLE_STRICT_OBJC_MSGSEND = YES;
				GCC_C_LANGUAGE_STANDARD = gnu11;
				GCC_NO_COMMON_BLOCKS = YES;
				GCC_WARN_64_TO_32_BIT_CONVERSION = YES;
				GCC_WARN_ABOUT_RETURN_TYPE = YES_ERROR;
				GCC_WARN_UNDECLARED_SELECTOR = YES;
				GCC_WARN_UNINITIALIZED_AUTOS = YES_AGGRESSIVE;
				GCC_WARN_UNUSED_FUNCTION = YES;
				GCC_WARN_UNUSED_VARIABLE = YES;
				MACOSX_DEPLOYMENT_TARGET = 26.0;
				MTL_ENABLE_DEBUG_INFO = NO;
				MTL_FAST_MATH = YES;
				PRODUCT_NAME = "$(TARGET_NAME)";
				SDKROOT = macosx;
				SWIFT_COMPILATION_MODE = wholemodule;
				SWIFT_OPTIMIZATION_LEVEL = "-O";
				SWIFT_VERSION = 5.0;
			};
			name = Release;
		};
		90ABFAD8E786C2CE5FB332B7 /* Release */ = {
			isa = XCBuildConfiguration;
			buildSettings = {
				ASSETCATALOG_COMPILER_APPICON_NAME = AppIcon;
				COMBINE_HIDPI_IMAGES = YES;
				CURRENT_PROJECT_VERSION = 1;
				GENERATE_INFOPLIST_FILE = YES;
				INFOPLIST_KEY_CFBundleDisplayName = TimeGlass;
				INFOPLIST_KEY_LSUIElement = YES;
				LD_RUNPATH_SEARCH_PATHS = (
					"$(inherited)",
					"@executable_path/../Frameworks",
				);
				MARKETING_VERSION = 1.0;
				PRODUCT_BUNDLE_IDENTIFIER = com.gabrielhoellrigl.timeglass;
				SDKROOT = macosx;
				SWIFT_VERSION = 5.0;
			};
			name = Release;
		};
		A15367B4618EC0459988B760 /* Debug */ = {
			isa = XCBuildConfiguration;
			buildSettings = {
				ALWAYS_SEARCH_USER_PATHS = NO;
				CLANG_ANALYZER_NONNULL = YES;
				CLANG_ANALYZER_NUMBER_OBJECT_CONVERSION = YES_AGGRESSIVE;
				CLANG_CXX_LANGUAGE_STANDARD = "gnu++14";
				CLANG_CXX_LIBRARY = "libc++";
				CLANG_ENABLE_MODULES = YES;
				CLANG_ENABLE_OBJC_ARC = YES;
				CLANG_ENABLE_OBJC_WEAK = YES;
				CLANG_WARN_BLOCK_CAPTURE_AUTORELEASING = YES;
				CLANG_WARN_BOOL_CONVERSION = YES;
				CLANG_WARN_COMMA = YES;
				CLANG_WARN_CONSTANT_CONVERSION = YES;
				CLANG_WARN_DEPRECATED_OBJC_IMPLEMENTATIONS = YES;
				CLANG_WARN_DIRECT_OBJC_ISA_USAGE = YES_ERROR;
				CLANG_WARN_DOCUMENTATION_COMMENTS = YES;
				CLANG_WARN_EMPTY_BODY = YES;
				CLANG_WARN_ENUM_CONVERSION = YES;
				CLANG_WARN_INFINITE_RECURSION = YES;
				CLANG_WARN_INT_CONVERSION = YES;
				CLANG_WARN_NON_LITERAL_NULL_CONVERSION = YES;
				CLANG_WARN_OBJC_IMPLICIT_RETAIN_SELF = YES;
				CLANG_WARN_OBJC_LITERAL_CONVERSION = YES;
				CLANG_WARN_OBJC_ROOT_CLASS = YES_ERROR;
				CLANG_WARN_QUOTED_INCLUDE_IN_FRAMEWORK_HEADER = YES;
				CLANG_WARN_RANGE_LOOP_ANALYSIS = YES;
				CLANG_WARN_STRICT_PROTOTYPES = YES;
				CLANG_WARN_SUSPICIOUS_MOVE = YES;
				CLANG_WARN_UNGUARDED_AVAILABILITY = YES_AGGRESSIVE;
				CLANG_WARN_UNREACHABLE_CODE = YES;
				CLANG_WARN__DUPLICATE_METHOD_MATCH = YES;
				COPY_PHASE_STRIP = NO;
				DEBUG_INFORMATION_FORMAT = dwarf;
				ENABLE_STRICT_OBJC_MSGSEND = YES;
				ENABLE_TESTABILITY = YES;
				GCC_C_LANGUAGE_STANDARD = gnu11;
				GCC_DYNAMIC_NO_PIC = NO;
				GCC_NO_COMMON_BLOCKS = YES;
				GCC_OPTIMIZATION_LEVEL = 0;
				GCC_PREPROCESSOR_DEFINITIONS = (
					"$(inherited)",
					"DEBUG=1",
				);
				GCC_WARN_64_TO_32_BIT_CONVERSION = YES;
				GCC_WARN_ABOUT_RETURN_TYPE = YES_ERROR;
				GCC_WARN_UNDECLARED_SELECTOR = YES;
				GCC_WARN_UNINITIALIZED_AUTOS = YES_AGGRESSIVE;
				GCC_WARN_UNUSED_FUNCTION = YES;
				GCC_WARN_UNUSED_VARIABLE = YES;
				MACOSX_DEPLOYMENT_TARGET = 26.0;
				MTL_ENABLE_DEBUG_INFO = INCLUDE_SOURCE;
				MTL_FAST_MATH = YES;
				ONLY_ACTIVE_ARCH = YES;
				PRODUCT_NAME = "$(TARGET_NAME)";
				SDKROOT = macosx;
				SWIFT_ACTIVE_COMPILATION_CONDITIONS = DEBUG;
				SWIFT_OPTIMIZATION_LEVEL = "-Onone";
				SWIFT_VERSION = 5.0;
			};
			name = Debug;
		};
		ED1601E6CD9B40B41F589C05 /* Debug */ = {
			isa = XCBuildConfiguration;
			buildSettings = {
				BUNDLE_LOADER = "$(TEST_HOST)";
				COMBINE_HIDPI_IMAGES = YES;
				LD_RUNPATH_SEARCH_PATHS = (
					"$(inherited)",
					"@executable_path/../Frameworks",
					"@loader_path/../Frameworks",
				);
				PRODUCT_BUNDLE_IDENTIFIER = com.gabrielhoellrigl.TimeGlassTests;
				SDKROOT = macosx;
				SWIFT_VERSION = 5.0;
				TEST_HOST = "$(BUILT_PRODUCTS_DIR)/TimeGlass.app/Contents/MacOS/TimeGlass";
			};
			name = Debug;
		};
/* End XCBuildConfiguration section */

/* Begin XCConfigurationList section */
		010F5D6AF5766909B34F9A92 /* Build configuration list for PBXNativeTarget "TimeGlass" */ = {
			isa = XCConfigurationList;
			buildConfigurations = (
				49B466BBCF3EA933D91018AE /* Debug */,
				90ABFAD8E786C2CE5FB332B7 /* Release */,
			);
			defaultConfigurationIsVisible = 0;
			defaultConfigurationName = Debug;
		};
		AF9DE7172613C99674C57C0C /* Build configuration list for PBXProject "TimeGlass" */ = {
			isa = XCConfigurationList;
			buildConfigurations = (
				A15367B4618EC0459988B760 /* Debug */,
				57ACDE6CC32B091AA0C7966C /* Release */,
			);
			defaultConfigurationIsVisible = 0;
			defaultConfigurationName = Debug;
		};
		C6ACDA4133F3EB5378F894EA /* Build configuration list for PBXNativeTarget "TimeGlassTests" */ = {
			isa = XCConfigurationList;
			buildConfigurations = (
				ED1601E6CD9B40B41F589C05 /* Debug */,
				2DB2FED840C631ED96601C61 /* Release */,
			);
			defaultConfigurationIsVisible = 0;
			defaultConfigurationName = Debug;
		};
/* End XCConfigurationList section */
	};
	rootObject = BDEEF7B48DD93EBA2AB1605B /* Project object */;
}
